// !$*UTF8*$!
{
	archiveVersion = 1;
	classes = {
	};
	objectVersion = 46;
	objects = {

/* Begin PBXBuildFile section */
		17EA67AC1D450DC200C3DFC0 /* main.m in Sources */ = {isa = PBXBuildFile; fileRef = 17EA67AB1D450DC200C3DFC0 /* main.m */; };
		17EA67AF1D450DC200C3DFC0 /* AppDelegate.m in Sources */ = {isa = PBXBuildFile; fileRef = 17EA67AE1D450DC200C3DFC0 /* AppDelegate.m */; };
		17EA67B21D450DC200C3DFC0 /* ViewController.m in Sources */ = {isa = PBXBuildFile; fileRef = 17EA67B11D450DC200C3DFC0 /* ViewController.m */; };
		17EA67B51D450DC200C3DFC0 /* Main.storyboard in Resources */ = {isa = PBXBuildFile; fileRef = 17EA67B31D450DC200C3DFC0 /* Main.storyboard */; };
		17EA67B71D450DC200C3DFC0 /* Assets.xcassets in Resources */ = {isa = PBXBuildFile; fileRef = 17EA67B61D450DC200C3DFC0 /* Assets.xcassets */; };
		17EA67BA1D450DC200C3DFC0 /* LaunchScreen.storyboard in Resources */ = {isa = PBXBuildFile; fileRef = 17EA67B81D450DC200C3DFC0 /* LaunchScreen.storyboard */; };
		17EA67C51D450DC200C3DFC0 /* XLCycleScrollViewTests.m in Sources */ = {isa = PBXBuildFile; fileRef = 17EA67C41D450DC200C3DFC0 /* XLCycleScrollViewTests.m */; };
		17EA67D01D450DC200C3DFC0 /* XLCycleScrollViewUITests.m in Sources */ = {isa = PBXBuildFile; fileRef = 17EA67CF1D450DC200C3DFC0 /* XLCycleScrollViewUITests.m */; };
		17EA67E21D451C6B00C3DFC0 /* TestWithPod.m in Sources */ = {isa = PBXBuildFile; fileRef = 17EA67E11D451C6B00C3DFC0 /* TestWithPod.m */; };
		17EA67E51D451C7600C3DFC0 /* PageTestPod.m in Sources */ = {isa = PBXBuildFile; fileRef = 17EA67E41D451C7600C3DFC0 /* PageTestPod.m */; };
/* End PBXBuildFile section */

/* Begin PBXContainerItemProxy section */
		17EA67C11D450DC200C3DFC0 /* PBXContainerItemProxy */ = {
			isa = PBXContainerItemProxy;
			containerPortal = 17EA679F1D450DC200C3DFC0 /* Project object */;
			proxyType = 1;
			remoteGlobalIDString = 17EA67A61D450DC200C3DFC0;
			remoteInfo = XLCycleScrollView;
		};
		17EA67CC1D450DC200C3DFC0 /* PBXContainerItemProxy */ = {
			isa = PBXContainerItemProxy;
			containerPortal = 17EA679F1D450DC200C3DFC0 /* Project object */;
			proxyType = 1;
			remoteGlobalIDString = 17EA67A61D450DC200C3DFC0;
			remoteInfo = XLCycleScrollView;
		};
/* End PBXContainerItemProxy section */

/* Begin PBXFileReference section */
		17EA67A71D450DC200C3DFC0 /* XLCycleScrollView.app */ = {isa = PBXFileReference; explicitFileType = wrapper.application; includeInIndex = 0; path = XLCycleScrollView.app; sourceTree = BUILT_PRODUCTS_DIR; };
		17EA67AB1D450DC200C3DFC0 /* main.m */ = {isa = PBXFileReference; lastKnownFileType = sourcecode.c.objc; path = main.m; sourceTree = "<group>"; };
		17EA67AD1D450DC200C3DFC0 /* AppDelegate.h */ = {isa = PBXFileReference; lastKnownFileType = sourcecode.c.h; path = AppDelegate.h; sourceTree = "<group>"; };
		17EA67AE1D450DC200C3DFC0 /* AppDelegate.m */ = {isa = PBXFileReference; lastKnownFileType = sourcecode.c.objc; path = AppDelegate.m; sourceTree = "<group>"; };
		17EA67B01D450DC200C3DFC0 /* ViewController.h */ = {isa = PBXFileReference; lastKnownFileType = sourcecode.c.h; path = ViewController.h; sourceTree = "<group>"; };
		17EA67B11D450DC200C3DFC0 /* ViewController.m */ = {isa = PBXFileReference; lastKnownFileType = sourcecode.c.objc; path = ViewController.m; sourceTree = "<group>"; };
		17EA67B41D450DC200C3DFC0 /* Base */ = {isa = PBXFileReference; lastKnownFileType = file.storyboard; name = Base; path = Base.lproj/Main.storyboard; sourceTree = "<group>"; };
		17EA67B61D450DC200C3DFC0 /* Assets.xcassets */ = {isa = PBXFileReference; lastKnownFileType = folder.assetcatalog; path = Assets.xcassets; sourceTree = "<group>"; };
		17EA67B91D450DC200C3DFC0 /* Base */ = {isa = PBXFileReference; lastKnownFileType = file.storyboard; name = Base; path = Base.lproj/LaunchScreen.storyboard; sourceTree = "<group>"; };
		17EA67BB1D450DC200C3DFC0 /* Info.plist */ = {isa = PBXFileReference; lastKnownFileType = text.plist.xml; path = Info.plist; sourceTree = "<group>"; };
		17EA67C01D450DC200C3DFC0 /* XLCycleScrollViewTests.xctest */ = {isa = PBXFileReference; explicitFileType = wrapper.cfbundle; includeInIndex = 0; path = XLCycleScrollViewTests.xctest; sourceTree = BUILT_PRODUCTS_DIR; };
		17EA67C41D450DC200C3DFC0 /* XLCycleScrollViewTests.m */ = {isa = PBXFileReference; lastKnownFileType = sourcecode.c.objc; path = XLCycleScrollViewTests.m; sourceTree = "<group>"; };
		17EA67C61D450DC200C3DFC0 /* Info.plist */ = {isa = PBXFileReference; lastKnownFileType = text.plist.xml; path = Info.plist; sourceTree = "<group>"; };
		17EA67CB1D450DC200C3DFC0 /* XLCycleScrollViewUITests.xctest */ = {isa = PBXFileReference; explicitFileType = wrapper.cfbundle; includeInIndex = 0; path = XLCycleScrollViewUITests.xctest; sourceTree = BUILT_PRODUCTS_DIR; };
		17EA67CF1D450DC200C3DFC0 /* XLCycleScrollViewUITests.m */ = {isa = PBXFileReference; lastKnownFileType = sourcecode.c.objc; path = XLCycleScrollViewUITests.m; sourceTree = "<group>"; };
		17EA67D11D450DC200C3DFC0 /* Info.plist */ = {isa = PBXFileReference; lastKnownFileType = text.plist.xml; path = Info.plist; sourceTree = "<group>"; };
		17EA67E01D451C6B00C3DFC0 /* TestWithPod.h */ = {isa = PBXFileReference; fileEncoding = 4; lastKnownFileType = sourcecode.c.h; path = TestWithPod.h; sourceTree = "<group>"; };
		17EA67E11D451C6B00C3DFC0 /* TestWithPod.m */ = {isa = PBXFileReference; fileEncoding = 4; lastKnownFileType = sourcecode.c.objc; path = TestWithPod.m; sourceTree = "<group>"; };
		17EA67E31D451C7600C3DFC0 /* PageTestPod.h */ = {isa = PBXFileReference; fileEncoding = 4; lastKnownFileType = sourcecode.c.h; path = PageTestPod.h; sourceTree = "<group>"; };
		17EA67E41D451C7600C3DFC0 /* PageTestPod.m */ = {isa = PBXFileReference; fileEncoding = 4; lastKnownFileType = sourcecode.c.objc; path = PageTestPod.m; sourceTree = "<group>"; };
/* End PBXFileReference section */

/* Begin PBXFrameworksBuildPhase section */
		17EA67A41D450DC200C3DFC0 /* Frameworks */ = {
			isa = PBXFrameworksBuildPhase;
			buildActionMask = 2147483647;
			files = (
			);
			runOnlyForDeploymentPostprocessing = 0;
		};
		17EA67BD1D450DC200C3DFC0 /* Frameworks */ = {
			isa = PBXFrameworksBuildPhase;
			buildActionMask = 2147483647;
			files = (
			);
			runOnlyForDeploymentPostprocessing = 0;
		};
		17EA67C81D450DC200C3DFC0 /* Frameworks */ = {
			isa = PBXFrameworksBuildPhase;
			buildActionMask = 2147483647;
			files = (
			);
			runOnlyForDeploymentPostprocessing = 0;
		};
/* End PBXFrameworksBuildPhase section */

/* Begin PBXGroup section */
		17EA679E1D450DC200C3DFC0 = {
			isa = PBXGroup;
			children = (
				17EA67A91D450DC200C3DFC0 /* XLCycleScrollView */,
				17EA67C31D450DC200C3DFC0 /* XLCycleScrollViewTests */,
				17EA67CE1D450DC200C3DFC0 /* XLCycleScrollViewUITests */,
				17EA67A81D450DC200C3DFC0 /* Products */,
			);
			sourceTree = "<group>";
		};
		17EA67A81D450DC200C3DFC0 /* Products */ = {
			isa = PBXGroup;
			children = (
				17EA67A71D450DC200C3DFC0 /* XLCycleScrollView.app */,
				17EA67C01D450DC200C3DFC0 /* XLCycleScrollViewTests.xctest */,
				17EA67CB1D450DC200C3DFC0 /* XLCycleScrollViewUITests.xctest */,
			);
			name = Products;
			sourceTree = "<group>";
		};
		17EA67A91D450DC200C3DFC0 /* XLCycleScrollView */ = {
			isa = PBXGroup;
			children = (
				17EA67DD1D451C5700C3DFC0 /* Lib */,
				17EA67AD1D450DC200C3DFC0 /* AppDelegate.h */,
				17EA67AE1D450DC200C3DFC0 /* AppDelegate.m */,
				17EA67B01D450DC200C3DFC0 /* ViewController.h */,
				17EA67B11D450DC200C3DFC0 /* ViewController.m */,
				17EA67B31D450DC200C3DFC0 /* Main.storyboard */,
				17EA67B61D450DC200C3DFC0 /* Assets.xcassets */,
				17EA67B81D450DC200C3DFC0 /* LaunchScreen.storyboard */,
				17EA67BB1D450DC200C3DFC0 /* Info.plist */,
				17EA67AA1D450DC200C3DFC0 /* Supporting Files */,
			);
			path = XLCycleScrollView;
			sourceTree = "<group>";
		};
		17EA67AA1D450DC200C3DFC0 /* Supporting Files */ = {
			isa = PBXGroup;
			children = (
				17EA67AB1D450DC200C3DFC0 /* main.m */,
			);
			name = "Supporting Files";
			sourceTree = "<group>";
		};
		17EA67C31D450DC200C3DFC0 /* XLCycleScrollViewTests */ = {
			isa = PBXGroup;
			children = (
				17EA67C41D450DC200C3DFC0 /* XLCycleScrollViewTests.m */,
				17EA67C61D450DC200C3DFC0 /* Info.plist */,
			);
			path = XLCycleScrollViewTests;
			sourceTree = "<group>";
		};
		17EA67CE1D450DC200C3DFC0 /* XLCycleScrollViewUITests */ = {
			isa = PBXGroup;
			children = (
				17EA67CF1D450DC200C3DFC0 /* XLCycleScrollViewUITests.m */,
				17EA67D11D450DC200C3DFC0 /* Info.plist */,
			);
			path = XLCycleScrollViewUITests;
			sourceTree = "<group>";
		};
		17EA67DD1D451C5700C3DFC0 /* Lib */ = {
			isa = PBXGroup;
			children = (
				17EA67DE1D451C5700C3DFC0 /* XLCycleScrollView */,
			);
			path = Lib;
			sourceTree = "<group>";
		};
		17EA67DE1D451C5700C3DFC0 /* XLCycleScrollView */ = {
			isa = PBXGroup;
			children = (
				17EA67DF1D451C5700C3DFC0 /* PageController */,
				17EA67E01D451C6B00C3DFC0 /* TestWithPod.h */,
				17EA67E11D451C6B00C3DFC0 /* TestWithPod.m */,
			);
			path = XLCycleScrollView;
			sourceTree = "<group>";
		};
		17EA67DF1D451C5700C3DFC0 /* PageController */ = {
			isa = PBXGroup;
			children = (
				17EA67E31D451C7600C3DFC0 /* PageTestPod.h */,
				17EA67E41D451C7600C3DFC0 /* PageTestPod.m */,
			);
			path = PageController;
			sourceTree = "<group>";
		};
/* End PBXGroup section */

/* Begin PBXNativeTarget section */
		17EA67A61D450DC200C3DFC0 /* XLCycleScrollView */ = {
			isa = PBXNativeTarget;
			buildConfigurationList = 17EA67D41D450DC200C3DFC0 /* Build configuration list for PBXNativeTarget "XLCycleScrollView" */;
			buildPhases = (
				17EA67A31D450DC200C3DFC0 /* Sources */,
				17EA67A41D450DC200C3DFC0 /* Frameworks */,
				17EA67A51D450DC200C3DFC0 /* Resources */,
			);
			buildRules = (
			);
			dependencies = (
			);
			name = XLCycleScrollView;
			productName = XLCycleScrollView;
			productReference = 17EA67A71D450DC200C3DFC0 /* XLCycleScrollView.app */;
			productType = "com.apple.product-type.application";
		};
		17EA67BF1D450DC200C3DFC0 /* XLCycleScrollViewTests */ = {
			isa = PBXNativeTarget;
			buildConfigurationList = 17EA67D71D450DC200C3DFC0 /* Build configuration list for PBXNativeTarget "XLCycleScrollViewTests" */;
			buildPhases = (
				17EA67BC1D450DC200C3DFC0 /* Sources */,
				17EA67BD1D450DC200C3DFC0 /* Frameworks */,
				17EA67BE1D450DC200C3DFC0 /* Resources */,
			);
			buildRules = (
			);
			dependencies = (
				17EA67C21D450DC200C3DFC0 /* PBXTargetDependency */,
			);
			name = XLCycleScrollViewTests;
			productName = XLCycleScrollViewTests;
			productReference = 17EA67C01D450DC200C3DFC0 /* XLCycleScrollViewTests.xctest */;
			productType = "com.apple.product-type.bundle.unit-test";
		};
		17EA67CA1D450DC200C3DFC0 /* XLCycleScrollViewUITests */ = {
			isa = PBXNativeTarget;
			buildConfigurationList = 17EA67DA1D450DC200C3DFC0 /* Build configuration list for PBXNativeTarget "XLCycleScrollViewUITests" */;
			buildPhases = (
				17EA67C71D450DC200C3DFC0 /* Sources */,
				17EA67C81D450DC200C3DFC0 /* Frameworks */,
				17EA67C91D450DC200C3DFC0 /* Resources */,
			);
			buildRules = (
			);
			dependencies = (
				17EA67CD1D450DC200C3DFC0 /* PBXTargetDependency */,
			);
			name = XLCycleScrollViewUITests;
			productName = XLCycleScrollViewUITests;
			productReference = 17EA67CB1D450DC200C3DFC0 /* XLCycleScrollViewUITests.xctest */;
			productType = "com.apple.product-type.bundle.ui-testing";
		};
/* End PBXNativeTarget section */

/* Begin PBXProject section */
		17EA679F1D450DC200C3DFC0 /* Project object */ = {
			isa = PBXProject;
			attributes = {
				LastUpgradeCheck = 0720;
				ORGANIZATIONNAME = XLJ;
				TargetAttributes = {
					17EA67A61D450DC200C3DFC0 = {
						CreatedOnToolsVersion = 7.2.1;
					};
					17EA67BF1D450DC200C3DFC0 = {
						CreatedOnToolsVersion = 7.2.1;
						TestTargetID = 17EA67A61D450DC200C3DFC0;
					};
					17EA67CA1D450DC200C3DFC0 = {
						CreatedOnToolsVersion = 7.2.1;
						TestTargetID = 17EA67A61D450DC200C3DFC0;
					};
				};
			};
			buildConfigurationList = 17EA67A21D450DC200C3DFC0 /* Build configuration list for PBXProject "XLCycleScrollView" */;
			compatibilityVersion = "Xcode 3.2";
			developmentRegion = English;
			hasScannedForEncodings = 0;
			knownRegions = (
				en,
				Base,
			);
			mainGroup = 17EA679E1D450DC200C3DFC0;
			productRefGroup = 17EA67A81D450DC200C3DFC0 /* Products */;
			projectDirPath = "";
			projectRoot = "";
			targets = (
				17EA67A61D450DC200C3DFC0 /* XLCycleScrollView */,
				17EA67BF1D450DC200C3DFC0 /* XLCycleScrollViewTests */,
				17EA67CA1D450DC200C3DFC0 /* XLCycleScrollViewUITests */,
			);
		};
/* End PBXProject section */

/* Begin PBXResourcesBuildPhase section */
		17EA67A51D450DC200C3DFC0 /* Resources */ = {
			isa = PBXResourcesBuildPhase;
			buildActionMask = 2147483647;
			files = (
				17EA67BA1D450DC200C3DFC0 /* LaunchScreen.storyboard in Resources */,
				17EA67B71D450DC200C3DFC0 /* Assets.xcassets in Resources */,
				17EA67B51D450DC200C3DFC0 /* Main.storyboard in Resources */,
			);
			runOnlyForDeploymentPostprocessing = 0;
		};
		17EA67BE1D450DC200C3DFC0 /* Resources */ = {
			isa = PBXResourcesBuildPhase;
			buildActionMask = 2147483647;
			files = (
			);
			runOnlyForDeploymentPostprocessing = 0;
		};
		17EA67C91D450DC200C3DFC0 /* Resources */ = {
			isa = PBXResourcesBuildPhase;
			buildActionMask = 2147483647;
			files = (
			);
			runOnlyForDeploymentPostprocessing = 0;
		};
/* End PBXResourcesBuildPhase section */

/* Begin PBXSourcesBuildPhase section */
		17EA67A31D450DC200C3DFC0 /* Sources */ = {
			isa = PBXSourcesBuildPhase;
			buildActionMask = 2147483647;
			files = (
				17EA67B21D450DC200C3DFC0 /* ViewController.m in Sources */,
				17EA67E51D451C7600C3DFC0 /* PageTestPod.m in Sources */,
				17EA67AF1D450DC200C3DFC0 /* AppDelegate.m in Sources */,
				17EA67AC1D450DC200C3DFC0 /* main.m in Sources */,
				17EA67E21D451C6B00C3DFC0 /* TestWithPod.m in Sources */,
			);
			runOnlyForDeploymentPostprocessing = 0;
		};
		17EA67BC1D450DC200C3DFC0 /* Sources */ = {
			isa = PBXSourcesBuildPhase;
			buildActionMask = 2147483647;
			files = (
				17EA67C51D450DC200C3DFC0 /* XLCycleScrollViewTests.m in Sources */,
			);
			runOnlyForDeploymentPostprocessing = 0;
		};
		17EA67C71D450DC200C3DFC0 /* Sources */ = {
			isa = PBXSourcesBuildPhase;
			buildActionMask = 2147483647;
			files = (
				17EA67D01D450DC200C3DFC0 /* XLCycleScrollViewUITests.m in Sources */,
			);
			runOnlyForDeploymentPostprocessing = 0;
		};
/* End PBXSourcesBuildPhase section */

/* Begin PBXTargetDependency section */
		17EA67C21D450DC200C3DFC0 /* PBXTargetDependency */ = {
			isa = PBXTargetDependency;
			target = 17EA67A61D450DC200C3DFC0 /* XLCycleScrollView */;
			targetProxy = 17EA67C11D450DC200C3DFC0 /* PBXContainerItemProxy */;
		};
		17EA67CD1D450DC200C3DFC0 /* PBXTargetDependency */ = {
			isa = PBXTargetDependency;
			target = 17EA67A61D450DC200C3DFC0 /* XLCycleScrollView */;
			targetProxy = 17EA67CC1D450DC200C3DFC0 /* PBXContainerItemProxy */;
		};
/* End PBXTargetDependency section */

/* Begin PBXVariantGroup section */
		17EA67B31D450DC200C3DFC0 /* Main.storyboard */ = {
			isa = PBXVariantGroup;
			children = (
				17EA67B41D450DC200C3DFC0 /* Base */,
			);
			name = Main.storyboard;
			sourceTree = "<group>";
		};
		17EA67B81D450DC200C3DFC0 /* LaunchScreen.storyboard */ = {
			isa = PBXVariantGroup;
			children = (
				17EA67B91D450DC200C3DFC0 /* Base */,
			);
			name = LaunchScreen.storyboard;
			sourceTree = "<group>";
		};
/* End PBXVariantGroup section */

/* Begin XCBuildConfiguration section */
		17EA67D21D450DC200C3DFC0 /* Debug */ = {
			isa = XCBuildConfiguration;
			buildSettings = {
				ALWAYS_SEARCH_USER_PATHS = NO;
				CLANG_CXX_LANGUAGE_STANDARD = "gnu++0x";
				CLANG_CXX_LIBRARY = "libc++";
				CLANG_ENABLE_MODULES = YES;
				CLANG_ENABLE_OBJC_ARC = YES;
				CLANG_WARN_BOOL_CONVERSION = YES;
				CLANG_WARN_CONSTANT_CONVERSION = YES;
				CLANG_WARN_DIRECT_OBJC_ISA_USAGE = YES_ERROR;
				CLANG_WARN_EMPTY_BODY = YES;
				CLANG_WARN_ENUM_CONVERSION = YES;
				CLANG_WARN_INT_CONVERSION = YES;
				CLANG_WARN_OBJC_ROOT_CLASS = YES_ERROR;
				CLANG_WARN_UNREACHABLE_CODE = YES;
				CLANG_WARN__DUPLICATE_METHOD_MATCH = YES;
				"CODE_SIGN_IDENTITY[sdk=iphoneos*]" = "iPhone Developer";
				COPY_PHASE_STRIP = NO;
				DEBUG_INFORMATION_FORMAT = dwarf;
				ENABLE_STRICT_OBJC_MSGSEND = YES;
				ENABLE_TESTABILITY = YES;
				GCC_C_LANGUAGE_STANDARD = gnu99;
				GCC_DYNAMIC_NO_PIC = NO;
				GCC_NO_COMMON_BLOCKS = YES;
				GCC_OPTIMIZATION_LEVEL = 0;
				GCC_PREPROCESSOR_DEFINITIONS = (
					"DEBUG=1",
					"$(inherited)",
				);
				GCC_WARN_64_TO_32_BIT_CONVERSION = YES;
				GCC_WARN_ABOUT_RETURN_TYPE = YES_ERROR;
				GCC_WARN_UNDECLARED_SELECTOR = YES;
				GCC_WARN_UNINITIALIZED_AUTOS = YES_AGGRESSIVE;
				GCC_WARN_UNUSED_FUNCTION = YES;
				GCC_WARN_UNUSED_VARIABLE = YES;
				IPHONEOS_DEPLOYMENT_TARGET = 9.2;
				MTL_ENABLE_DEBUG_INFO = YES;
				ONLY_ACTIVE_ARCH = YES;
				SDKROOT = iphoneos;
			};
			name = Debug;
		};
		17EA67D31D450DC200C3DFC0 /* Release */ = {
			isa = XCBuildConfiguration;
			buildSettings = {
				ALWAYS_SEARCH_USER_PATHS = NO;
				CLANG_CXX_LANGUAGE_STANDARD = "gnu++0x";
				CLANG_CXX_LIBRARY = "libc++";
				CLANG_ENABLE_MODULES = YES;
				CLANG_ENABLE_OBJC_ARC = YES;
				CLANG_WARN_BOOL_CONVERSION = YES;
				CLANG_WARN_CONSTANT_CONVERSION = YES;
				CLANG_WARN_DIRECT_OBJC_ISA_USAGE = YES_ERROR;
				CLANG_WARN_EMPTY_BODY = YES;
				CLANG_WARN_ENUM_CONVERSION = YES;
				CLANG_WARN_INT_CONVERSION = YES;
				CLANG_WARN_OBJC_ROOT_CLASS = YES_ERROR;
				CLANG_WARN_UNREACHABLE_CODE = YES;
				CLANG_WARN__DUPLICATE_METHOD_MATCH = YES;
				"CODE_SIGN_IDENTITY[sdk=iphoneos*]" = "iPhone Developer";
				COPY_PHASE_STRIP = NO;
				DEBUG_INFORMATION_FORMAT = "dwarf-with-dsym";
				ENABLE_NS_ASSERTIONS = NO;
				ENABLE_STRICT_OBJC_MSGSEND = YES;
				GCC_C_LANGUAGE_STANDARD = gnu99;
				GCC_NO_COMMON_BLOCKS = YES;
				GCC_WARN_64_TO_32_BIT_CONVERSION = YES;
				GCC_WARN_ABOUT_RETURN_TYPE = YES_ERROR;
				GCC_WARN_UNDECLARED_SELECTOR = YES;
				GCC_WARN_UNINITIALIZED_AUTOS = YES_AGGRESSIVE;
				GCC_WARN_UNUSED_FUNCTION = YES;
				GCC_WARN_UNUSED_VARIABLE = YES;
				IPHONEOS_DEPLOYMENT_TARGET = 9.2;
				MTL_ENABLE_DEBUG_INFO = NO;
				SDKROOT = iphoneos;
				VALIDATE_PRODUCT = YES;
			};
			name = Release;
		};
		17EA67D51D450DC200C3DFC0 /* Debug */ = {
			isa = XCBuildConfiguration;
			buildSettings = {
				ASSETCATALOG_COMPILER_APPICON_NAME = AppIcon;
				INFOPLIST_FILE = XLCycleScrollView/Info.plist;
				LD_RUNPATH_SEARCH_PATHS = "$(inherited) @executable_path/Frameworks";
				PRODUCT_BUNDLE_IDENTIFIER = cn.001yumama.XLCycleScrollView;
				PRODUCT_NAME = "$(TARGET_NAME)";
			};
			name = Debug;
		};
		17EA67D61D450DC200C3DFC0 /* Release */ = {
			isa = XCBuildConfiguration;
			buildSettings = {
				ASSETCATALOG_COMPILER_APPICON_NAME = AppIcon;
				INFOPLIST_FILE = XLCycleScrollView/Info.plist;
				LD_RUNPATH_SEARCH_PATHS = "$(inherited) @executable_path/Frameworks";
				PRODUCT_BUNDLE_IDENTIFIER = cn.001yumama.XLCycleScrollView;
				PRODUCT_NAME = "$(TARGET_NAME)";
			};
			name = Release;
		};
		17EA67D81D450DC200C3DFC0 /* Debug */ = {
			isa = XCBuildConfiguration;
			buildSettings = {
				BUNDLE_LOADER = "$(TEST_HOST)";
				INFOPLIST_FILE = XLCycleScrollViewTests/Info.plist;
				LD_RUNPATH_SEARCH_PATHS = "$(inherited) @executable_path/Frameworks @loader_path/Frameworks";
				PRODUCT_BUNDLE_IDENTIFIER = cn.001yumama.XLCycleScrollViewTests;
				PRODUCT_NAME = "$(TARGET_NAME)";
				TEST_HOST = "$(BUILT_PRODUCTS_DIR)/XLCycleScrollView.app/XLCycleScrollView";
			};
			name = Debug;
		};
		17EA67D91D450DC200C3DFC0 /* Release */ = {
			isa = XCBuildConfiguration;
			buildSettings = {
				BUNDLE_LOADER = "$(TEST_HOST)";
				INFOPLIST_FILE = XLCycleScrollViewTests/Info.plist;
				LD_RUNPATH_SEARCH_PATHS = "$(inherited) @executable_path/Frameworks @loader_path/Frameworks";
				PRODUCT_BUNDLE_IDENTIFIER = cn.001yumama.XLCycleScrollViewTests;
				PRODUCT_NAME = "$(TARGET_NAME)";
				TEST_HOST = "$(BUILT_PRODUCTS_DIR)/XLCycleScrollView.app/XLCycleScrollView";
			};
			name = Release;
		};
		17EA67DB1D450DC200C3DFC0 /* Debug */ = {
			isa = XCBuildConfiguration;
			buildSettings = {
				INFOPLIST_FILE = XLCycleScrollViewUITests/Info.plist;
				LD_RUNPATH_SEARCH_PATHS = "$(inherited) @executable_path/Frameworks @loader_path/Frameworks";
				PRODUCT_BUNDLE_IDENTIFIER = cn.001yumama.XLCycleScrollViewUITests;
				PRODUCT_NAME = "$(TARGET_NAME)";
				TEST_TARGET_NAME = XLCycleScrollView;
				USES_XCTRUNNER = YES;
			};
			name = Debug;
		};
		17EA67DC1D450DC200C3DFC0 /* Release */ = {
			isa = XCBuildConfiguration;
			buildSettings = {
				INFOPLIST_FILE = XLCycleScrollViewUITests/Info.plist;
				LD_RUNPATH_SEARCH_PATHS = "$(inherited) @executable_path/Frameworks @loader_path/Frameworks";
				PRODUCT_BUNDLE_IDENTIFIER = cn.001yumama.XLCycleScrollViewUITests;
				PRODUCT_NAME = "$(TARGET_NAME)";
				TEST_TARGET_NAME = XLCycleScrollView;
				USES_XCTRUNNER = YES;
			};
			name = Release;
		};
/* End XCBuildConfiguration section */

/* Begin XCConfigurationList section */
		17EA67A21D450DC200C3DFC0 /* Build configuration list for PBXProject "XLCycleScrollView" */ = {
			isa = XCConfigurationList;
			buildConfigurations = (
				17EA67D21D450DC200C3DFC0 /* Debug */,
				17EA67D31D450DC200C3DFC0 /* Release */,
			);
			defaultConfigurationIsVisible = 0;
			defaultConfigurationName = Release;
		};
		17EA67D41D450DC200C3DFC0 /* Build configuration list for PBXNativeTarget "XLCycleScrollView" */ = {
			isa = XCConfigurationList;
			buildConfigurations = (
				17EA67D51D450DC200C3DFC0 /* Debug */,
				17EA67D61D450DC200C3DFC0 /* Release */,
			);
			defaultConfigurationIsVisible = 0;
			defaultConfigurationName = Release;
		};
		17EA67D71D450DC200C3DFC0 /* Build configuration list for PBXNativeTarget "XLCycleScrollViewTests" */ = {
			isa = XCConfigurationList;
			buildConfigurations = (
				17EA67D81D450DC200C3DFC0 /* Debug */,
				17EA67D91D450DC200C3DFC0 /* Release */,
			);
			defaultConfigurationIsVisible = 0;
			defaultConfigurationName = Release;
		};
		17EA67DA1D450DC200C3DFC0 /* Build configuration list for PBXNativeTarget "XLCycleScrollViewUITests" */ = {
			isa = XCConfigurationList;
			buildConfigurations = (
				17EA67DB1D450DC200C3DFC0 /* Debug */,
				17EA67DC1D450DC200C3DFC0 /* Release */,
			);
			defaultConfigurationIsVisible = 0;
			defaultConfigurationName = Release;
		};
/* End XCConfigurationList section */
	};
	rootObject = 17EA679F1D450DC200C3DFC0 /* Project object */;
}
